// !$*UTF8*$!
{
	archiveVersion = 1;
	classes = {
	};
	objectVersion = 50;
	objects = {

/* Begin PBXBuildFile section */
		CB7C2D9021A1E69400D05B24 /* AppDelegate.swift in Sources */ = {isa = PBXBuildFile; fileRef = CB7C2D8F21A1E69400D05B24 /* AppDelegate.swift */; };
		CB7C2D9221A1E69400D05B24 /* FeedViewController.swift in Sources */ = {isa = PBXBuildFile; fileRef = CB7C2D9121A1E69400D05B24 /* FeedViewController.swift */; };
		CB7C2D9521A1E69400D05B24 /* Main.storyboard in Resources */ = {isa = PBXBuildFile; fileRef = CB7C2D9321A1E69400D05B24 /* Main.storyboard */; };
		CB7C2D9721A1E69600D05B24 /* Assets.xcassets in Resources */ = {isa = PBXBuildFile; fileRef = CB7C2D9621A1E69600D05B24 /* Assets.xcassets */; };
		CB7C2D9A21A1E69600D05B24 /* LaunchScreen.storyboard in Resources */ = {isa = PBXBuildFile; fileRef = CB7C2D9821A1E69600D05B24 /* LaunchScreen.storyboard */; };
		CB7C2DA521A1E69600D05B24 /* LuxTests.swift in Sources */ = {isa = PBXBuildFile; fileRef = CB7C2DA421A1E69600D05B24 /* LuxTests.swift */; };
		CB7C2DB021A1E69600D05B24 /* LuxUITests.swift in Sources */ = {isa = PBXBuildFile; fileRef = CB7C2DAF21A1E69600D05B24 /* LuxUITests.swift */; };
		CB7C2DBE21A1F1CA00D05B24 /* FeedModel.swift in Sources */ = {isa = PBXBuildFile; fileRef = CB7C2DBD21A1F1CA00D05B24 /* FeedModel.swift */; };
		CBDAFE9921A8FB2500FC196A /* Event.swift in Sources */ = {isa = PBXBuildFile; fileRef = CBDAFE9821A8FB2500FC196A /* Event.swift */; };
/* End PBXBuildFile section */

/* Begin PBXContainerItemProxy section */
		CB7C2DA121A1E69600D05B24 /* PBXContainerItemProxy */ = {
			isa = PBXContainerItemProxy;
			containerPortal = CB7C2D8421A1E69400D05B24 /* Project object */;
			proxyType = 1;
			remoteGlobalIDString = CB7C2D8B21A1E69400D05B24;
			remoteInfo = Lux;
		};
		CB7C2DAC21A1E69600D05B24 /* PBXContainerItemProxy */ = {
			isa = PBXContainerItemProxy;
			containerPortal = CB7C2D8421A1E69400D05B24 /* Project object */;
			proxyType = 1;
			remoteGlobalIDString = CB7C2D8B21A1E69400D05B24;
			remoteInfo = Lux;
		};
/* End PBXContainerItemProxy section */

/* Begin PBXFileReference section */
		CB7C2D8C21A1E69400D05B24 /* Lux.app */ = {isa = PBXFileReference; explicitFileType = wrapper.application; includeInIndex = 0; path = Lux.app; sourceTree = BUILT_PRODUCTS_DIR; };
		CB7C2D8F21A1E69400D05B24 /* AppDelegate.swift */ = {isa = PBXFileReference; lastKnownFileType = sourcecode.swift; path = AppDelegate.swift; sourceTree = "<group>"; };
		CB7C2D9121A1E69400D05B24 /* FeedViewController.swift */ = {isa = PBXFileReference; lastKnownFileType = sourcecode.swift; path = FeedViewController.swift; sourceTree = "<group>"; };
		CB7C2D9421A1E69400D05B24 /* Base */ = {isa = PBXFileReference; lastKnownFileType = file.storyboard; name = Base; path = Base.lproj/Main.storyboard; sourceTree = "<group>"; };
		CB7C2D9621A1E69600D05B24 /* Assets.xcassets */ = {isa = PBXFileReference; lastKnownFileType = folder.assetcatalog; path = Assets.xcassets; sourceTree = "<group>"; };
		CB7C2D9921A1E69600D05B24 /* Base */ = {isa = PBXFileReference; lastKnownFileType = file.storyboard; name = Base; path = Base.lproj/LaunchScreen.storyboard; sourceTree = "<group>"; };
		CB7C2D9B21A1E69600D05B24 /* Info.plist */ = {isa = PBXFileReference; lastKnownFileType = text.plist.xml; path = Info.plist; sourceTree = "<group>"; };
		CB7C2DA021A1E69600D05B24 /* LuxTests.xctest */ = {isa = PBXFileReference; explicitFileType = wrapper.cfbundle; includeInIndex = 0; path = LuxTests.xctest; sourceTree = BUILT_PRODUCTS_DIR; };
		CB7C2DA421A1E69600D05B24 /* LuxTests.swift */ = {isa = PBXFileReference; lastKnownFileType = sourcecode.swift; path = LuxTests.swift; sourceTree = "<group>"; };
		CB7C2DA621A1E69600D05B24 /* Info.plist */ = {isa = PBXFileReference; lastKnownFileType = text.plist.xml; path = Info.plist; sourceTree = "<group>"; };
		CB7C2DAB21A1E69600D05B24 /* LuxUITests.xctest */ = {isa = PBXFileReference; explicitFileType = wrapper.cfbundle; includeInIndex = 0; path = LuxUITests.xctest; sourceTree = BUILT_PRODUCTS_DIR; };
		CB7C2DAF21A1E69600D05B24 /* LuxUITests.swift */ = {isa = PBXFileReference; lastKnownFileType = sourcecode.swift; path = LuxUITests.swift; sourceTree = "<group>"; };
		CB7C2DB121A1E69600D05B24 /* Info.plist */ = {isa = PBXFileReference; lastKnownFileType = text.plist.xml; path = Info.plist; sourceTree = "<group>"; };
		CB7C2DBD21A1F1CA00D05B24 /* FeedModel.swift */ = {isa = PBXFileReference; lastKnownFileType = sourcecode.swift; path = FeedModel.swift; sourceTree = "<group>"; };
		CBDAFE9821A8FB2500FC196A /* Event.swift */ = {isa = PBXFileReference; lastKnownFileType = sourcecode.swift; path = Event.swift; sourceTree = "<group>"; };
/* End PBXFileReference section */

/* Begin PBXFrameworksBuildPhase section */
		CB7C2D8921A1E69400D05B24 /* Frameworks */ = {
			isa = PBXFrameworksBuildPhase;
			buildActionMask = 2147483647;
			files = (
			);
			runOnlyForDeploymentPostprocessing = 0;
		};
		CB7C2D9D21A1E69600D05B24 /* Frameworks */ = {
			isa = PBXFrameworksBuildPhase;
			buildActionMask = 2147483647;
			files = (
			);
			runOnlyForDeploymentPostprocessing = 0;
		};
		CB7C2DA821A1E69600D05B24 /* Frameworks */ = {
			isa = PBXFrameworksBuildPhase;
			buildActionMask = 2147483647;
			files = (
			);
			runOnlyForDeploymentPostprocessing = 0;
		};
/* End PBXFrameworksBuildPhase section */

/* Begin PBXGroup section */
		CB7C2D8321A1E69400D05B24 = {
			isa = PBXGroup;
			children = (
				CB7C2D8E21A1E69400D05B24 /* Lux */,
				CB7C2DA321A1E69600D05B24 /* LuxTests */,
				CB7C2DAE21A1E69600D05B24 /* LuxUITests */,
				CB7C2D8D21A1E69400D05B24 /* Products */,
			);
			sourceTree = "<group>";
		};
		CB7C2D8D21A1E69400D05B24 /* Products */ = {
			isa = PBXGroup;
			children = (
				CB7C2D8C21A1E69400D05B24 /* Lux.app */,
				CB7C2DA021A1E69600D05B24 /* LuxTests.xctest */,
				CB7C2DAB21A1E69600D05B24 /* LuxUITests.xctest */,
			);
			name = Products;
			sourceTree = "<group>";
		};
		CB7C2D8E21A1E69400D05B24 /* Lux */ = {
			isa = PBXGroup;
			children = (
				CB7C2D8F21A1E69400D05B24 /* AppDelegate.swift */,
				CB7C2D9121A1E69400D05B24 /* FeedViewController.swift */,
				CB7C2DBD21A1F1CA00D05B24 /* FeedModel.swift */,
				CBDAFE9821A8FB2500FC196A /* Event.swift */,
				CB7C2D9321A1E69400D05B24 /* Main.storyboard */,
				CB7C2D9621A1E69600D05B24 /* Assets.xcassets */,
				CB7C2D9821A1E69600D05B24 /* LaunchScreen.storyboard */,
				CB7C2D9B21A1E69600D05B24 /* Info.plist */,
			);
			path = Lux;
			sourceTree = "<group>";
		};
		CB7C2DA321A1E69600D05B24 /* LuxTests */ = {
			isa = PBXGroup;
			children = (
				CB7C2DA421A1E69600D05B24 /* LuxTests.swift */,
				CB7C2DA621A1E69600D05B24 /* Info.plist */,
			);
			path = LuxTests;
			sourceTree = "<group>";
		};
		CB7C2DAE21A1E69600D05B24 /* LuxUITests */ = {
			isa = PBXGroup;
			children = (
				CB7C2DAF21A1E69600D05B24 /* LuxUITests.swift */,
				CB7C2DB121A1E69600D05B24 /* Info.plist */,
			);
			path = LuxUITests;
			sourceTree = "<group>";
		};
/* End PBXGroup section */

/* Begin PBXNativeTarget section */
		CB7C2D8B21A1E69400D05B24 /* Lux */ = {
			isa = PBXNativeTarget;
			buildConfigurationList = CB7C2DB421A1E69600D05B24 /* Build configuration list for PBXNativeTarget "Lux" */;
			buildPhases = (
				CB7C2D8821A1E69400D05B24 /* Sources */,
				CB7C2D8921A1E69400D05B24 /* Frameworks */,
				CB7C2D8A21A1E69400D05B24 /* Resources */,
			);
			buildRules = (
			);
			dependencies = (
			);
			name = Lux;
			productName = Lux;
			productReference = CB7C2D8C21A1E69400D05B24 /* Lux.app */;
			productType = "com.apple.product-type.application";
		};
		CB7C2D9F21A1E69600D05B24 /* LuxTests */ = {
			isa = PBXNativeTarget;
			buildConfigurationList = CB7C2DB721A1E69600D05B24 /* Build configuration list for PBXNativeTarget "LuxTests" */;
			buildPhases = (
				CB7C2D9C21A1E69600D05B24 /* Sources */,
				CB7C2D9D21A1E69600D05B24 /* Frameworks */,
				CB7C2D9E21A1E69600D05B24 /* Resources */,
			);
			buildRules = (
			);
			dependencies = (
				CB7C2DA221A1E69600D05B24 /* PBXTargetDependency */,
			);
			name = LuxTests;
			productName = LuxTests;
			productReference = CB7C2DA021A1E69600D05B24 /* LuxTests.xctest */;
			productType = "com.apple.product-type.bundle.unit-test";
		};
		CB7C2DAA21A1E69600D05B24 /* LuxUITests */ = {
			isa = PBXNativeTarget;
			buildConfigurationList = CB7C2DBA21A1E69600D05B24 /* Build configuration list for PBXNativeTarget "LuxUITests" */;
			buildPhases = (
				CB7C2DA721A1E69600D05B24 /* Sources */,
				CB7C2DA821A1E69600D05B24 /* Frameworks */,
				CB7C2DA921A1E69600D05B24 /* Resources */,
			);
			buildRules = (
			);
			dependencies = (
				CB7C2DAD21A1E69600D05B24 /* PBXTargetDependency */,
			);
			name = LuxUITests;
			productName = LuxUITests;
			productReference = CB7C2DAB21A1E69600D05B24 /* LuxUITests.xctest */;
			productType = "com.apple.product-type.bundle.ui-testing";
		};
/* End PBXNativeTarget section */

/* Begin PBXProject section */
		CB7C2D8421A1E69400D05B24 /* Project object */ = {
			isa = PBXProject;
			attributes = {
				LastSwiftUpdateCheck = 1010;
				LastUpgradeCheck = 1010;
				ORGANIZATIONNAME = "Dave Jha";
				TargetAttributes = {
					CB7C2D8B21A1E69400D05B24 = {
						CreatedOnToolsVersion = 10.1;
					};
					CB7C2D9F21A1E69600D05B24 = {
						CreatedOnToolsVersion = 10.1;
						TestTargetID = CB7C2D8B21A1E69400D05B24;
					};
					CB7C2DAA21A1E69600D05B24 = {
						CreatedOnToolsVersion = 10.1;
						TestTargetID = CB7C2D8B21A1E69400D05B24;
					};
				};
			};
			buildConfigurationList = CB7C2D8721A1E69400D05B24 /* Build configuration list for PBXProject "Lux" */;
			compatibilityVersion = "Xcode 9.3";
			developmentRegion = en;
			hasScannedForEncodings = 0;
			knownRegions = (
				en,
				Base,
			);
			mainGroup = CB7C2D8321A1E69400D05B24;
			productRefGroup = CB7C2D8D21A1E69400D05B24 /* Products */;
			projectDirPath = "";
			projectRoot = "";
			targets = (
				CB7C2D8B21A1E69400D05B24 /* Lux */,
				CB7C2D9F21A1E69600D05B24 /* LuxTests */,
				CB7C2DAA21A1E69600D05B24 /* LuxUITests */,
			);
		};
/* End PBXProject section */

/* Begin PBXResourcesBuildPhase section */
		CB7C2D8A21A1E69400D05B24 /* Resources */ = {
			isa = PBXResourcesBuildPhase;
			buildActionMask = 2147483647;
			files = (
				CB7C2D9A21A1E69600D05B24 /* LaunchScreen.storyboard in Resources */,
				CB7C2D9721A1E69600D05B24 /* Assets.xcassets in Resources */,
				CB7C2D9521A1E69400D05B24 /* Main.storyboard in Resources */,
			);
			runOnlyForDeploymentPostprocessing = 0;
		};
		CB7C2D9E21A1E69600D05B24 /* Resources */ = {
			isa = PBXResourcesBuildPhase;
			buildActionMask = 2147483647;
			files = (
			);
			runOnlyForDeploymentPostprocessing = 0;
		};
		CB7C2DA921A1E69600D05B24 /* Resources */ = {
			isa = PBXResourcesBuildPhase;
			buildActionMask = 2147483647;
			files = (
			);
			runOnlyForDeploymentPostprocessing = 0;
		};
/* End PBXResourcesBuildPhase section */

/* Begin PBXSourcesBuildPhase section */
		CB7C2D8821A1E69400D05B24 /* Sources */ = {
			isa = PBXSourcesBuildPhase;
			buildActionMask = 2147483647;
			files = (
				CBDAFE9921A8FB2500FC196A /* Event.swift in Sources */,
				CB7C2D9221A1E69400D05B24 /* FeedViewController.swift in Sources */,
				CB7C2DBE21A1F1CA00D05B24 /* FeedModel.swift in Sources */,
				CB7C2D9021A1E69400D05B24 /* AppDelegate.swift in Sources */,
			);
			runOnlyForDeploymentPostprocessing = 0;
		};
		CB7C2D9C21A1E69600D05B24 /* Sources */ = {
			isa = PBXSourcesBuildPhase;
			buildActionMask = 2147483647;
			files = (
				CB7C2DA521A1E69600D05B24 /* LuxTests.swift in Sources */,
			);
			runOnlyForDeploymentPostprocessing = 0;
		};
		CB7C2DA721A1E69600D05B24 /* Sources */ = {
			isa = PBXSourcesBuildPhase;
			buildActionMask = 2147483647;
			files = (
				CB7C2DB021A1E69600D05B24 /* LuxUITests.swift in Sources */,
			);
			runOnlyForDeploymentPostprocessing = 0;
		};
/* End PBXSourcesBuildPhase section */

/* Begin PBXTargetDependency section */
		CB7C2DA221A1E69600D05B24 /* PBXTargetDependency */ = {
			isa = PBXTargetDependency;
			target = CB7C2D8B21A1E69400D05B24 /* Lux */;
			targetProxy = CB7C2DA121A1E69600D05B24 /* PBXContainerItemProxy */;
		};
		CB7C2DAD21A1E69600D05B24 /* PBXTargetDependency */ = {
			isa = PBXTargetDependency;
			target = CB7C2D8B21A1E69400D05B24 /* Lux */;
			targetProxy = CB7C2DAC21A1E69600D05B24 /* PBXContainerItemProxy */;
		};
/* End PBXTargetDependency section */

/* Begin PBXVariantGroup section */
		CB7C2D9321A1E69400D05B24 /* Main.storyboard */ = {
			isa = PBXVariantGroup;
			children = (
				CB7C2D9421A1E69400D05B24 /* Base */,
			);
			name = Main.storyboard;
			sourceTree = "<group>";
		};
		CB7C2D9821A1E69600D05B24 /* LaunchScreen.storyboard */ = {
			isa = PBXVariantGroup;
			children = (
				CB7C2D9921A1E69600D05B24 /* Base */,
			);
			name = LaunchScreen.storyboard;
			sourceTree = "<group>";
		};
/* End PBXVariantGroup section */

/* Begin XCBuildConfiguration section */
		CB7C2DB221A1E69600D05B24 /* Debug */ = {
			isa = XCBuildConfiguration;
			buildSettings = {
				ALWAYS_SEARCH_USER_PATHS = NO;
				CLANG_ANALYZER_NONNULL = YES;
				CLANG_ANALYZER_NUMBER_OBJECT_CONVERSION = YES_AGGRESSIVE;
				CLANG_CXX_LANGUAGE_STANDARD = "gnu++14";
				CLANG_CXX_LIBRARY = "libc++";
				CLANG_ENABLE_MODULES = YES;
				CLANG_ENABLE_OBJC_ARC = YES;
				CLANG_ENABLE_OBJC_WEAK = YES;
				CLANG_WARN_BLOCK_CAPTURE_AUTORELEASING = YES;
				CLANG_WARN_BOOL_CONVERSION = YES;
				CLANG_WARN_COMMA = YES;
				CLANG_WARN_CONSTANT_CONVERSION = YES;
				CLANG_WARN_DEPRECATED_OBJC_IMPLEMENTATIONS = YES;
				CLANG_WARN_DIRECT_OBJC_ISA_USAGE = YES_ERROR;
				CLANG_WARN_DOCUMENTATION_COMMENTS = YES;
				CLANG_WARN_EMPTY_BODY = YES;
				CLANG_WARN_ENUM_CONVERSION = YES;
				CLANG_WARN_INFINITE_RECURSION = YES;
				CLANG_WARN_INT_CONVERSION = YES;
				CLANG_WARN_NON_LITERAL_NULL_CONVERSION = YES;
				CLANG_WARN_OBJC_IMPLICIT_RETAIN_SELF = YES;
				CLANG_WARN_OBJC_LITERAL_CONVERSION = YES;
				CLANG_WARN_OBJC_ROOT_CLASS = YES_ERROR;
				CLANG_WARN_RANGE_LOOP_ANALYSIS = YES;
				CLANG_WARN_STRICT_PROTOTYPES = YES;
				CLANG_WARN_SUSPICIOUS_MOVE = YES;
				CLANG_WARN_UNGUARDED_AVAILABILITY = YES_AGGRESSIVE;
				CLANG_WARN_UNREACHABLE_CODE = YES;
				CLANG_WARN__DUPLICATE_METHOD_MATCH = YES;
				CODE_SIGN_IDENTITY = "iPhone Developer";
				COPY_PHASE_STRIP = NO;
				DEBUG_INFORMATION_FORMAT = dwarf;
				ENABLE_STRICT_OBJC_MSGSEND = YES;
				ENABLE_TESTABILITY = YES;
				GCC_C_LANGUAGE_STANDARD = gnu11;
				GCC_DYNAMIC_NO_PIC = NO;
				GCC_NO_COMMON_BLOCKS = YES;
				GCC_OPTIMIZATION_LEVEL = 0;
				GCC_PREPROCESSOR_DEFINITIONS = (
					"DEBUG=1",
					"$(inherited)",
				);
				GCC_WARN_64_TO_32_BIT_CONVERSION = YES;
				GCC_WARN_ABOUT_RETURN_TYPE = YES_ERROR;
				GCC_WARN_UNDECLARED_SELECTOR = YES;
				GCC_WARN_UNINITIALIZED_AUTOS = YES_AGGRESSIVE;
				GCC_WARN_UNUSED_FUNCTION = YES;
				GCC_WARN_UNUSED_VARIABLE = YES;
				IPHONEOS_DEPLOYMENT_TARGET = 12.1;
				MTL_ENABLE_DEBUG_INFO = INCLUDE_SOURCE;
				MTL_FAST_MATH = YES;
				ONLY_ACTIVE_ARCH = YES;
				SDKROOT = iphoneos;
				SWIFT_ACTIVE_COMPILATION_CONDITIONS = DEBUG;
				SWIFT_OPTIMIZATION_LEVEL = "-Onone";
			};
			name = Debug;
		};
		CB7C2DB321A1E69600D05B24 /* Release */ = {
			isa = XCBuildConfiguration;
			buildSettings = {
				ALWAYS_SEARCH_USER_PATHS = NO;
				CLANG_ANALYZER_NONNULL = YES;
				CLANG_ANALYZER_NUMBER_OBJECT_CONVERSION = YES_AGGRESSIVE;
				CLANG_CXX_LANGUAGE_STANDARD = "gnu++14";
				CLANG_CXX_LIBRARY = "libc++";
				CLANG_ENABLE_MODULES = YES;
				CLANG_ENABLE_OBJC_ARC = YES;
				CLANG_ENABLE_OBJC_WEAK = YES;
				CLANG_WARN_BLOCK_CAPTURE_AUTORELEASING = YES;
				CLANG_WARN_BOOL_CONVERSION = YES;
				CLANG_WARN_COMMA = YES;
				CLANG_WARN_CONSTANT_CONVERSION = YES;
				CLANG_WARN_DEPRECATED_OBJC_IMPLEMENTATIONS = YES;
				CLANG_WARN_DIRECT_OBJC_ISA_USAGE = YES_ERROR;
				CLANG_WARN_DOCUMENTATION_COMMENTS = YES;
				CLANG_WARN_EMPTY_BODY = YES;
				CLANG_WARN_ENUM_CONVERSION = YES;
				CLANG_WARN_INFINITE_RECURSION = YES;
				CLANG_WARN_INT_CONVERSION = YES;
				CLANG_WARN_NON_LITERAL_NULL_CONVERSION = YES;
				CLANG_WARN_OBJC_IMPLICIT_RETAIN_SELF = YES;
				CLANG_WARN_OBJC_LITERAL_CONVERSION = YES;
				CLANG_WARN_OBJC_ROOT_CLASS = YES_ERROR;
				CLANG_WARN_RANGE_LOOP_ANALYSIS = YES;
				CLANG_WARN_STRICT_PROTOTYPES = YES;
				CLANG_WARN_SUSPICIOUS_MOVE = YES;
				CLANG_WARN_UNGUARDED_AVAILABILITY = YES_AGGRESSIVE;
				CLANG_WARN_UNREACHABLE_CODE = YES;
				CLANG_WARN__DUPLICATE_METHOD_MATCH = YES;
				CODE_SIGN_IDENTITY = "iPhone Developer";
				COPY_PHASE_STRIP = NO;
				DEBUG_INFORMATION_FORMAT = "dwarf-with-dsym";
				ENABLE_NS_ASSERTIONS = NO;
				ENABLE_STRICT_OBJC_MSGSEND = YES;
				GCC_C_LANGUAGE_STANDARD = gnu11;
				GCC_NO_COMMON_BLOCKS = YES;
				GCC_WARN_64_TO_32_BIT_CONVERSION = YES;
				GCC_WARN_ABOUT_RETURN_TYPE = YES_ERROR;
				GCC_WARN_UNDECLARED_SELECTOR = YES;
				GCC_WARN_UNINITIALIZED_AUTOS = YES_AGGRESSIVE;
				GCC_WARN_UNUSED_FUNCTION = YES;
				GCC_WARN_UNUSED_VARIABLE = YES;
				IPHONEOS_DEPLOYMENT_TARGET = 12.1;
				MTL_ENABLE_DEBUG_INFO = NO;
				MTL_FAST_MATH = YES;
				SDKROOT = iphoneos;
				SWIFT_COMPILATION_MODE = wholemodule;
				SWIFT_OPTIMIZATION_LEVEL = "-O";
				VALIDATE_PRODUCT = YES;
			};
			name = Release;
		};
		CB7C2DB521A1E69600D05B24 /* Debug */ = {
			isa = XCBuildConfiguration;
			buildSettings = {
				ASSETCATALOG_COMPILER_APPICON_NAME = AppIcon;
				CODE_SIGN_STYLE = Automatic;
				DEVELOPMENT_TEAM = 7JJ3LT28A3;
				INFOPLIST_FILE = Lux/Info.plist;
				LD_RUNPATH_SEARCH_PATHS = (
					"$(inherited)",
					"@executable_path/Frameworks",
				);
				PRODUCT_BUNDLE_IDENTIFIER = davejha.Lux;
				PRODUCT_NAME = "$(TARGET_NAME)";
				SWIFT_VERSION = 4.2;
				TARGETED_DEVICE_FAMILY = "1,2";
			};
			name = Debug;
		};
		CB7C2DB621A1E69600D05B24 /* Release */ = {
			isa = XCBuildConfiguration;
			buildSettings = {
				ASSETCATALOG_COMPILER_APPICON_NAME = AppIcon;
				CODE_SIGN_STYLE = Automatic;
				DEVELOPMENT_TEAM = 7JJ3LT28A3;
				INFOPLIST_FILE = Lux/Info.plist;
				LD_RUNPATH_SEARCH_PATHS = (
					"$(inherited)",
					"@executable_path/Frameworks",
				);
				PRODUCT_BUNDLE_IDENTIFIER = davejha.Lux;
				PRODUCT_NAME = "$(TARGET_NAME)";
				SWIFT_VERSION = 4.2;
				TARGETED_DEVICE_FAMILY = "1,2";
			};
			name = Release;
		};
		CB7C2DB821A1E69600D05B24 /* Debug */ = {
			isa = XCBuildConfiguration;
			buildSettings = {
				ALWAYS_EMBED_SWIFT_STANDARD_LIBRARIES = YES;
				BUNDLE_LOADER = "$(TEST_HOST)";
				CODE_SIGN_STYLE = Automatic;
				DEVELOPMENT_TEAM = 7JJ3LT28A3;
				INFOPLIST_FILE = LuxTests/Info.plist;
				LD_RUNPATH_SEARCH_PATHS = (
					"$(inherited)",
					"@executable_path/Frameworks",
					"@loader_path/Frameworks",
				);
				PRODUCT_BUNDLE_IDENTIFIER = davejha.LuxTests;
				PRODUCT_NAME = "$(TARGET_NAME)";
				SWIFT_VERSION = 4.2;
				TARGETED_DEVICE_FAMILY = "1,2";
				TEST_HOST = "$(BUILT_PRODUCTS_DIR)/Lux.app/Lux";
			};
			name = Debug;
		};
		CB7C2DB921A1E69600D05B24 /* Release */ = {
			isa = XCBuildConfiguration;
			buildSettings = {
				ALWAYS_EMBED_SWIFT_STANDARD_LIBRARIES = YES;
				BUNDLE_LOADER = "$(TEST_HOST)";
				CODE_SIGN_STYLE = Automatic;
				DEVELOPMENT_TEAM = 7JJ3LT28A3;
				INFOPLIST_FILE = LuxTests/Info.plist;
				LD_RUNPATH_SEARCH_PATHS = (
					"$(inherited)",
					"@executable_path/Frameworks",
					"@loader_path/Frameworks",
				);
				PRODUCT_BUNDLE_IDENTIFIER = davejha.LuxTests;
				PRODUCT_NAME = "$(TARGET_NAME)";
				SWIFT_VERSION = 4.2;
				TARGETED_DEVICE_FAMILY = "1,2";
				TEST_HOST = "$(BUILT_PRODUCTS_DIR)/Lux.app/Lux";
			};
			name = Release;
		};
		CB7C2DBB21A1E69600D05B24 /* Debug */ = {
			isa = XCBuildConfiguration;
			buildSettings = {
				ALWAYS_EMBED_SWIFT_STANDARD_LIBRARIES = YES;
				CODE_SIGN_STYLE = Automatic;
				DEVELOPMENT_TEAM = 7JJ3LT28A3;
				INFOPLIST_FILE = LuxUITests/Info.plist;
				LD_RUNPATH_SEARCH_PATHS = (
					"$(inherited)",
					"@executable_path/Frameworks",
					"@loader_path/Frameworks",
				);
				PRODUCT_BUNDLE_IDENTIFIER = davejha.LuxUITests;
				PRODUCT_NAME = "$(TARGET_NAME)";
				SWIFT_VERSION = 4.2;
				TARGETED_DEVICE_FAMILY = "1,2";
				TEST_TARGET_NAME = Lux;
			};
			name = Debug;
		};
		CB7C2DBC21A1E69600D05B24 /* Release */ = {
			isa = XCBuildConfiguration;
			buildSettings = {
				ALWAYS_EMBED_SWIFT_STANDARD_LIBRARIES = YES;
				CODE_SIGN_STYLE = Automatic;
				DEVELOPMENT_TEAM = 7JJ3LT28A3;
				INFOPLIST_FILE = LuxUITests/Info.plist;
				LD_RUNPATH_SEARCH_PATHS = (
					"$(inherited)",
					"@executable_path/Frameworks",
					"@loader_path/Frameworks",
				);
				PRODUCT_BUNDLE_IDENTIFIER = davejha.LuxUITests;
				PRODUCT_NAME = "$(TARGET_NAME)";
				SWIFT_VERSION = 4.2;
				TARGETED_DEVICE_FAMILY = "1,2";
				TEST_TARGET_NAME = Lux;
			};
			name = Release;
		};
/* End XCBuildConfiguration section */

/* Begin XCConfigurationList section */
		CB7C2D8721A1E69400D05B24 /* Build configuration list for PBXProject "Lux" */ = {
			isa = XCConfigurationList;
			buildConfigurations = (
				CB7C2DB221A1E69600D05B24 /* Debug */,
				CB7C2DB321A1E69600D05B24 /* Release */,
			);
			defaultConfigurationIsVisible = 0;
			defaultConfigurationName = Release;
		};
		CB7C2DB421A1E69600D05B24 /* Build configuration list for PBXNativeTarget "Lux" */ = {
			isa = XCConfigurationList;
			buildConfigurations = (
				CB7C2DB521A1E69600D05B24 /* Debug */,
				CB7C2DB621A1E69600D05B24 /* Release */,
			);
			defaultConfigurationIsVisible = 0;
			defaultConfigurationName = Release;
		};
		CB7C2DB721A1E69600D05B24 /* Build configuration list for PBXNativeTarget "LuxTests" */ = {
			isa = XCConfigurationList;
			buildConfigurations = (
				CB7C2DB821A1E69600D05B24 /* Debug */,
				CB7C2DB921A1E69600D05B24 /* Release */,
			);
			defaultConfigurationIsVisible = 0;
			defaultConfigurationName = Release;
		};
		CB7C2DBA21A1E69600D05B24 /* Build configuration list for PBXNativeTarget "LuxUITests" */ = {
			isa = XCConfigurationList;
			buildConfigurations = (
				CB7C2DBB21A1E69600D05B24 /* Debug */,
				CB7C2DBC21A1E69600D05B24 /* Release */,
			);
			defaultConfigurationIsVisible = 0;
			defaultConfigurationName = Release;
		};
/* End XCConfigurationList section */
	};
	rootObject = CB7C2D8421A1E69400D05B24 /* Project object */;
}
